GEM
  remote: https://rubygems.org/
  specs:
    addressable (2.2.8)
    bcrypt-ruby (3.0.1)
    coffee-script (2.2.0)
      coffee-script-source
      execjs
    coffee-script-source (1.3.3)
    daemons (1.1.9)
    data_mapper (1.2.0)
      dm-aggregates (~> 1.2.0)
      dm-constraints (~> 1.2.0)
      dm-core (~> 1.2.0)
      dm-migrations (~> 1.2.0)
      dm-serializer (~> 1.2.0)
      dm-timestamps (~> 1.2.0)
      dm-transactions (~> 1.2.0)
      dm-types (~> 1.2.0)
      dm-validations (~> 1.2.0)
    data_objects (0.10.8)
      addressable (~> 2.1)
    dm-aggregates (1.2.0)
      dm-core (~> 1.2.0)
    dm-constraints (1.2.0)
      dm-core (~> 1.2.0)
    dm-core (1.2.0)
      addressable (~> 2.2.6)
    dm-do-adapter (1.2.0)
      data_objects (~> 0.10.6)
      dm-core (~> 1.2.0)
    dm-migrations (1.2.0)
      dm-core (~> 1.2.0)
    dm-postgres-adapter (1.2.0)
      dm-do-adapter (~> 1.2.0)
      do_postgres (~> 0.10.6)
    dm-serializer (1.2.2)
      dm-core (~> 1.2.0)
      fastercsv (~> 1.5)
      json (~> 1.6)
      json_pure (~> 1.6)
      multi_json (~> 1.0)
    dm-timestamps (1.2.0)
      dm-core (~> 1.2.0)
    dm-transactions (1.2.0)
      dm-core (~> 1.2.0)
    dm-types (1.2.2)
      bcrypt-ruby (~> 3.0)
      dm-core (~> 1.2.0)
      fastercsv (~> 1.5)
      json (~> 1.6)
      multi_json (~> 1.0)
      stringex (~> 1.4)
      uuidtools (~> 2.1)
    dm-validations (1.2.0)
      dm-core (~> 1.2.0)
    do_postgres (0.10.8)
      data_objects (= 0.10.8)
    eventmachine (0.12.10)
    execjs (1.4.0)
      multi_json (~> 1.0)
    fastercsv (1.5.5)
    fetchapp-api-ruby (2.0.0)
      httparty
    httparty (0.8.1)
      multi_json
      multi_xml
    json (1.7.5)
    json_pure (1.7.5)
    multi_json (1.3.6)
    multi_xml (0.4.1)
    pg (0.14.0)
    rack (1.4.1)
    rack-protection (1.2.0)
      rack
    sinatra (1.3.3)
      rack (~> 1.3, >= 1.3.6)
      rack-protection (~> 1.2)
      tilt (~> 1.3, >= 1.3.3)
    stringex (1.4.0)
    thin (1.4.1)
      daemons (>= 1.0.9)
      eventmachine (>= 0.12.6)
      rack (>= 1.0.0)
    tilt (1.3.3)
    uuidtools (2.1.3)

PLATFORMS
  ruby

DEPENDENCIES
  coffee-script
  data_mapper
  dm-postgres-adapter
  fetchapp-api-ruby
  json
  pg
  sinatra
  thin
